
Microsoft Visual Studio Solution File, Format Version 12.00
# Visual Studio 14
VisualStudioVersion = 14.0.25420.1
MinimumVisualStudioVersion = 10.0.40219.1
Project("{8BC9CEB8-8B4A-11D0-8D11-00A0C91BC942}") = "CNGProvider", "CNGProvider\CNGProvider.vcxproj", "{58EA64A1-ECFD-4CF6-B96D-D370F1DA8383}"
EndProject
Project("{8BC9CEB8-8B4A-11D0-8D11-00A0C91BC942}") = "base64", "..\SharedSourceCode\libb64-1.2\base64\VisualStudioProject\base64.vcxproj", "{0B094121-DC64-4D74-AFA0-750B83F800D0}"
EndProject
Project("{8BC9CEB8-8B4A-11D0-8D11-00A0C91BC942}") = "mbedtls", "mbedtls\mbedtls.vcxproj", "{4BF7B8F9-7A07-46BB-9F62-8177FB5BD892}"
EndProject
Global
	GlobalSection(SolutionConfigurationPlatforms) = preSolution
		Debug|x64 = Debug|x64
		Debug|x86 = Debug|x86
		Release|x64 = Release|x64
		Release|x86 = Release|x86
	EndGlobalSection
	GlobalSection(ProjectConfigurationPlatforms) = postSolution
		{58EA64A1-ECFD-4CF6-B96D-D370F1DA8383}.Debug|x64.ActiveCfg = Debug|x64
		{58EA64A1-ECFD-4CF6-B96D-D370F1DA8383}.Debug|x64.Build.0 = Debug|x64
		{58EA64A1-ECFD-4CF6-B96D-D370F1DA8383}.Debug|x86.ActiveCfg = Debug|Win32
		{58EA64A1-ECFD-4CF6-B96D-D370F1DA8383}.Debug|x86.Build.0 = Debug|Win32
		{58EA64A1-ECFD-4CF6-B96D-D370F1DA8383}.Release|x64.ActiveCfg = Release|x64
		{58EA64A1-ECFD-4CF6-B96D-D370F1DA8383}.Release|x64.Build.0 = Release|x64
		{58EA64A1-ECFD-4CF6-B96D-D370F1DA8383}.Release|x86.ActiveCfg = Release|Win32
		{58EA64A1-ECFD-4CF6-B96D-D370F1DA8383}.Release|x86.Build.0 = Release|Win32
		{0B094121-DC64-4D74-AFA0-750B83F800D0}.Debug|x64.ActiveCfg = Debug|Win32
		{0B094121-DC64-4D74-AFA0-750B83F800D0}.Debug|x86.ActiveCfg = Debug|Win32
		{0B094121-DC64-4D74-AFA0-750B83F800D0}.Debug|x86.Build.0 = Debug|Win32
		{0B094121-DC64-4D74-AFA0-750B83F800D0}.Release|x64.ActiveCfg = Release|Win32
		{0B094121-DC64-4D74-AFA0-750B83F800D0}.Release|x86.ActiveCfg = Release|Win32
		{0B094121-DC64-4D74-AFA0-750B83F800D0}.Release|x86.Build.0 = Release|Win32
		{4BF7B8F9-7A07-46BB-9F62-8177FB5BD892}.Debug|x64.ActiveCfg = Debug|x64
		{4BF7B8F9-7A07-46BB-9F62-8177FB5BD892}.Debug|x64.Build.0 = Debug|x64
		{4BF7B8F9-7A07-46BB-9F62-8177FB5BD892}.Debug|x86.ActiveCfg = Debug|Win32
		{4BF7B8F9-7A07-46BB-9F62-8177FB5BD892}.Debug|x86.Build.0 = Debug|Win32
		{4BF7B8F9-7A07-46BB-9F62-8177FB5BD892}.Release|x64.ActiveCfg = Release|x64
		{4BF7B8F9-7A07-46BB-9F62-8177FB5BD892}.Release|x64.Build.0 = Release|x64
		{4BF7B8F9-7A07-46BB-9F62-8177FB5BD892}.Release|x86.ActiveCfg = Release|Win32
		{4BF7B8F9-7A07-46BB-9F62-8177FB5BD892}.Release|x86.Build.0 = Release|Win32
	EndGlobalSection
	GlobalSection(SolutionProperties) = preSolution
		HideSolutionNode = FALSE
	EndGlobalSection
EndGlobal
