
Microsoft Visual Studio Solution File, Format Version 12.00
# Visual Studio 11
Project("{8BC9CEB8-8B4A-11D0-8D11-00A0C91BC942}") = "client", "Client\client.vcxproj", "{0CE04AFA-D209-4C64-89F4-FCD96AB14839}"
EndProject
Project("{8BC9CEB8-8B4A-11D0-8D11-00A0C91BC942}") = "provider", "Provider\provider.vcxproj", "{A6C95CF9-AF7F-41DD-816A-D4B74BE5A54A}"
EndProject
Global
	GlobalSection(SolutionConfigurationPlatforms) = preSolution
		Debug|Win32 = Debug|Win32
		Debug|x64 = Debug|x64
		Release|Win32 = Release|Win32
		Release|x64 = Release|x64
	EndGlobalSection
	GlobalSection(ProjectConfigurationPlatforms) = postSolution
		{0CE04AFA-D209-4C64-89F4-FCD96AB14839}.Debug|Win32.ActiveCfg = Debug|Win32
		{0CE04AFA-D209-4C64-89F4-FCD96AB14839}.Debug|Win32.Build.0 = Debug|Win32
		{0CE04AFA-D209-4C64-89F4-FCD96AB14839}.Debug|x64.ActiveCfg = Debug|x64
		{0CE04AFA-D209-4C64-89F4-FCD96AB14839}.Debug|x64.Build.0 = Debug|x64
		{0CE04AFA-D209-4C64-89F4-FCD96AB14839}.Release|Win32.ActiveCfg = Release|Win32
		{0CE04AFA-D209-4C64-89F4-FCD96AB14839}.Release|Win32.Build.0 = Release|Win32
		{0CE04AFA-D209-4C64-89F4-FCD96AB14839}.Release|x64.ActiveCfg = Release|x64
		{0CE04AFA-D209-4C64-89F4-FCD96AB14839}.Release|x64.Build.0 = Release|x64
		{A6C95CF9-AF7F-41DD-816A-D4B74BE5A54A}.Debug|Win32.ActiveCfg = Debug|Win32
		{A6C95CF9-AF7F-41DD-816A-D4B74BE5A54A}.Debug|Win32.Build.0 = Debug|Win32
		{A6C95CF9-AF7F-41DD-816A-D4B74BE5A54A}.Debug|x64.ActiveCfg = Debug|x64
		{A6C95CF9-AF7F-41DD-816A-D4B74BE5A54A}.Debug|x64.Build.0 = Debug|x64
		{A6C95CF9-AF7F-41DD-816A-D4B74BE5A54A}.Release|Win32.ActiveCfg = Release|Win32
		{A6C95CF9-AF7F-41DD-816A-D4B74BE5A54A}.Release|Win32.Build.0 = Release|Win32
		{A6C95CF9-AF7F-41DD-816A-D4B74BE5A54A}.Release|x64.ActiveCfg = Release|x64
		{A6C95CF9-AF7F-41DD-816A-D4B74BE5A54A}.Release|x64.Build.0 = Release|x64
	EndGlobalSection
	GlobalSection(SolutionProperties) = preSolution
		HideSolutionNode = FALSE
	EndGlobalSection
EndGlobal
