<?xml version="1.0" encoding="utf-8"?>
<Project ToolsVersion="4.0" xmlns="http://schemas.microsoft.com/developer/msbuild/2003">
  <ItemGroup>
    <Filter Include="Source Files">
      <UniqueIdentifier>{4FC737F1-C7A5-4376-A066-2A32D752A2FF}</UniqueIdentifier>
      <Extensions>cpp;c;cc;cxx;def;odl;idl;hpj;bat;asm;asmx</Extensions>
    </Filter>
    <Filter Include="Header Files">
      <UniqueIdentifier>{93995380-89BD-4b04-88EB-625FBE52EBFB}</UniqueIdentifier>
      <Extensions>h;hh;hpp;hxx;hm;inl;inc;xsd</Extensions>
    </Filter>
    <Filter Include="Resource Files">
      <UniqueIdentifier>{67DA6AB6-F800-4c08-8B7A-83BB121AAD01}</UniqueIdentifier>
      <Extensions>rc;ico;cur;bmp;dlg;rc2;rct;bin;rgs;gif;jpg;jpeg;jpe;resx;tiff;tif;png;wav;mfcribbon-ms</Extensions>
    </Filter>
  </ItemGroup>
  <ItemGroup>
    <Text Include="ReadMe.txt" />
    <Text Include="..\..\SharedSourceCode\extern\mbedtls-2.2.1\library\CMakeLists.txt">
      <Filter>Source Files</Filter>
    </Text>
  </ItemGroup>
  <ItemGroup>
    <ClCompile Include="..\..\SharedSourceCode\extern\mbedtls-2.2.1\library\aes.c">
      <Filter>Source Files</Filter>
    </ClCompile>
    <ClCompile Include="..\..\SharedSourceCode\extern\mbedtls-2.2.1\library\aesni.c">
      <Filter>Source Files</Filter>
    </ClCompile>
    <ClCompile Include="..\..\SharedSourceCode\extern\mbedtls-2.2.1\library\arc4.c">
      <Filter>Source Files</Filter>
    </ClCompile>
    <ClCompile Include="..\..\SharedSourceCode\extern\mbedtls-2.2.1\library\asn1parse.c">
      <Filter>Source Files</Filter>
    </ClCompile>
    <ClCompile Include="..\..\SharedSourceCode\extern\mbedtls-2.2.1\library\asn1write.c">
      <Filter>Source Files</Filter>
    </ClCompile>
    <ClCompile Include="..\..\SharedSourceCode\extern\mbedtls-2.2.1\library\base64.c">
      <Filter>Source Files</Filter>
    </ClCompile>
    <ClCompile Include="..\..\SharedSourceCode\extern\mbedtls-2.2.1\library\bignum.c">
      <Filter>Source Files</Filter>
    </ClCompile>
    <ClCompile Include="..\..\SharedSourceCode\extern\mbedtls-2.2.1\library\blowfish.c">
      <Filter>Source Files</Filter>
    </ClCompile>
    <ClCompile Include="..\..\SharedSourceCode\extern\mbedtls-2.2.1\library\camellia.c">
      <Filter>Source Files</Filter>
    </ClCompile>
    <ClCompile Include="..\..\SharedSourceCode\extern\mbedtls-2.2.1\library\ccm.c">
      <Filter>Source Files</Filter>
    </ClCompile>
    <ClCompile Include="..\..\SharedSourceCode\extern\mbedtls-2.2.1\library\certs.c">
      <Filter>Source Files</Filter>
    </ClCompile>
    <ClCompile Include="..\..\SharedSourceCode\extern\mbedtls-2.2.1\library\cipher.c">
      <Filter>Source Files</Filter>
    </ClCompile>
    <ClCompile Include="..\..\SharedSourceCode\extern\mbedtls-2.2.1\library\cipher_wrap.c">
      <Filter>Source Files</Filter>
    </ClCompile>
    <ClCompile Include="..\..\SharedSourceCode\extern\mbedtls-2.2.1\library\ctr_drbg.c">
      <Filter>Source Files</Filter>
    </ClCompile>
    <ClCompile Include="..\..\SharedSourceCode\extern\mbedtls-2.2.1\library\debug.c">
      <Filter>Source Files</Filter>
    </ClCompile>
    <ClCompile Include="..\..\SharedSourceCode\extern\mbedtls-2.2.1\library\des.c">
      <Filter>Source Files</Filter>
    </ClCompile>
    <ClCompile Include="..\..\SharedSourceCode\extern\mbedtls-2.2.1\library\dhm.c">
      <Filter>Source Files</Filter>
    </ClCompile>
    <ClCompile Include="..\..\SharedSourceCode\extern\mbedtls-2.2.1\library\ecdh.c">
      <Filter>Source Files</Filter>
    </ClCompile>
    <ClCompile Include="..\..\SharedSourceCode\extern\mbedtls-2.2.1\library\ecdsa.c">
      <Filter>Source Files</Filter>
    </ClCompile>
    <ClCompile Include="..\..\SharedSourceCode\extern\mbedtls-2.2.1\library\ecjpake.c">
      <Filter>Source Files</Filter>
    </ClCompile>
    <ClCompile Include="..\..\SharedSourceCode\extern\mbedtls-2.2.1\library\ecp.c">
      <Filter>Source Files</Filter>
    </ClCompile>
    <ClCompile Include="..\..\SharedSourceCode\extern\mbedtls-2.2.1\library\ecp_curves.c">
      <Filter>Source Files</Filter>
    </ClCompile>
    <ClCompile Include="..\..\SharedSourceCode\extern\mbedtls-2.2.1\library\entropy.c">
      <Filter>Source Files</Filter>
    </ClCompile>
    <ClCompile Include="..\..\SharedSourceCode\extern\mbedtls-2.2.1\library\entropy_poll.c">
      <Filter>Source Files</Filter>
    </ClCompile>
    <ClCompile Include="..\..\SharedSourceCode\extern\mbedtls-2.2.1\library\error.c">
      <Filter>Source Files</Filter>
    </ClCompile>
    <ClCompile Include="..\..\SharedSourceCode\extern\mbedtls-2.2.1\library\gcm.c">
      <Filter>Source Files</Filter>
    </ClCompile>
    <ClCompile Include="..\..\SharedSourceCode\extern\mbedtls-2.2.1\library\havege.c">
      <Filter>Source Files</Filter>
    </ClCompile>
    <ClCompile Include="..\..\SharedSourceCode\extern\mbedtls-2.2.1\library\hmac_drbg.c">
      <Filter>Source Files</Filter>
    </ClCompile>
    <ClCompile Include="..\..\SharedSourceCode\extern\mbedtls-2.2.1\library\md.c">
      <Filter>Source Files</Filter>
    </ClCompile>
    <ClCompile Include="..\..\SharedSourceCode\extern\mbedtls-2.2.1\library\md_wrap.c">
      <Filter>Source Files</Filter>
    </ClCompile>
    <ClCompile Include="..\..\SharedSourceCode\extern\mbedtls-2.2.1\library\md2.c">
      <Filter>Source Files</Filter>
    </ClCompile>
    <ClCompile Include="..\..\SharedSourceCode\extern\mbedtls-2.2.1\library\md4.c">
      <Filter>Source Files</Filter>
    </ClCompile>
    <ClCompile Include="..\..\SharedSourceCode\extern\mbedtls-2.2.1\library\md5.c">
      <Filter>Source Files</Filter>
    </ClCompile>
    <ClCompile Include="..\..\SharedSourceCode\extern\mbedtls-2.2.1\library\memory_buffer_alloc.c">
      <Filter>Source Files</Filter>
    </ClCompile>
    <ClCompile Include="..\..\SharedSourceCode\extern\mbedtls-2.2.1\library\net.c">
      <Filter>Source Files</Filter>
    </ClCompile>
    <ClCompile Include="..\..\SharedSourceCode\extern\mbedtls-2.2.1\library\oid.c">
      <Filter>Source Files</Filter>
    </ClCompile>
    <ClCompile Include="..\..\SharedSourceCode\extern\mbedtls-2.2.1\library\padlock.c">
      <Filter>Source Files</Filter>
    </ClCompile>
    <ClCompile Include="..\..\SharedSourceCode\extern\mbedtls-2.2.1\library\pem.c">
      <Filter>Source Files</Filter>
    </ClCompile>
    <ClCompile Include="..\..\SharedSourceCode\extern\mbedtls-2.2.1\library\pk.c">
      <Filter>Source Files</Filter>
    </ClCompile>
    <ClCompile Include="..\..\SharedSourceCode\extern\mbedtls-2.2.1\library\pk_wrap.c">
      <Filter>Source Files</Filter>
    </ClCompile>
    <ClCompile Include="..\..\SharedSourceCode\extern\mbedtls-2.2.1\library\pkcs5.c">
      <Filter>Source Files</Filter>
    </ClCompile>
    <ClCompile Include="..\..\SharedSourceCode\extern\mbedtls-2.2.1\library\pkcs11.c">
      <Filter>Source Files</Filter>
    </ClCompile>
    <ClCompile Include="..\..\SharedSourceCode\extern\mbedtls-2.2.1\library\pkcs12.c">
      <Filter>Source Files</Filter>
    </ClCompile>
    <ClCompile Include="..\..\SharedSourceCode\extern\mbedtls-2.2.1\library\pkparse.c">
      <Filter>Source Files</Filter>
    </ClCompile>
    <ClCompile Include="..\..\SharedSourceCode\extern\mbedtls-2.2.1\library\pkwrite.c">
      <Filter>Source Files</Filter>
    </ClCompile>
    <ClCompile Include="..\..\SharedSourceCode\extern\mbedtls-2.2.1\library\platform.c">
      <Filter>Source Files</Filter>
    </ClCompile>
    <ClCompile Include="..\..\SharedSourceCode\extern\mbedtls-2.2.1\library\ripemd160.c">
      <Filter>Source Files</Filter>
    </ClCompile>
    <ClCompile Include="..\..\SharedSourceCode\extern\mbedtls-2.2.1\library\rsa.c">
      <Filter>Source Files</Filter>
    </ClCompile>
    <ClCompile Include="..\..\SharedSourceCode\extern\mbedtls-2.2.1\library\savextea.cpp">
      <Filter>Source Files</Filter>
    </ClCompile>
    <ClCompile Include="..\..\SharedSourceCode\extern\mbedtls-2.2.1\library\sha1.c">
      <Filter>Source Files</Filter>
    </ClCompile>
    <ClCompile Include="..\..\SharedSourceCode\extern\mbedtls-2.2.1\library\sha256.c">
      <Filter>Source Files</Filter>
    </ClCompile>
    <ClCompile Include="..\..\SharedSourceCode\extern\mbedtls-2.2.1\library\sha512.c">
      <Filter>Source Files</Filter>
    </ClCompile>
    <ClCompile Include="..\..\SharedSourceCode\extern\mbedtls-2.2.1\library\ssl_cache.c">
      <Filter>Source Files</Filter>
    </ClCompile>
    <ClCompile Include="..\..\SharedSourceCode\extern\mbedtls-2.2.1\library\ssl_ciphersuites.c">
      <Filter>Source Files</Filter>
    </ClCompile>
    <ClCompile Include="..\..\SharedSourceCode\extern\mbedtls-2.2.1\library\ssl_cli.c">
      <Filter>Source Files</Filter>
    </ClCompile>
    <ClCompile Include="..\..\SharedSourceCode\extern\mbedtls-2.2.1\library\ssl_cookie.c">
      <Filter>Source Files</Filter>
    </ClCompile>
    <ClCompile Include="..\..\SharedSourceCode\extern\mbedtls-2.2.1\library\ssl_srv.c">
      <Filter>Source Files</Filter>
    </ClCompile>
    <ClCompile Include="..\..\SharedSourceCode\extern\mbedtls-2.2.1\library\ssl_ticket.c">
      <Filter>Source Files</Filter>
    </ClCompile>
    <ClCompile Include="..\..\SharedSourceCode\extern\mbedtls-2.2.1\library\ssl_tls.c">
      <Filter>Source Files</Filter>
    </ClCompile>
    <ClCompile Include="..\..\SharedSourceCode\extern\mbedtls-2.2.1\library\threading.c">
      <Filter>Source Files</Filter>
    </ClCompile>
    <ClCompile Include="..\..\SharedSourceCode\extern\mbedtls-2.2.1\library\timing.cpp">
      <Filter>Source Files</Filter>
    </ClCompile>
    <ClCompile Include="..\..\SharedSourceCode\extern\mbedtls-2.2.1\library\version.c">
      <Filter>Source Files</Filter>
    </ClCompile>
    <ClCompile Include="..\..\SharedSourceCode\extern\mbedtls-2.2.1\library\version_features.c">
      <Filter>Source Files</Filter>
    </ClCompile>
    <ClCompile Include="..\..\SharedSourceCode\extern\mbedtls-2.2.1\library\x509.c">
      <Filter>Source Files</Filter>
    </ClCompile>
    <ClCompile Include="..\..\SharedSourceCode\extern\mbedtls-2.2.1\library\x509_create.c">
      <Filter>Source Files</Filter>
    </ClCompile>
    <ClCompile Include="..\..\SharedSourceCode\extern\mbedtls-2.2.1\library\x509_crl.c">
      <Filter>Source Files</Filter>
    </ClCompile>
    <ClCompile Include="..\..\SharedSourceCode\extern\mbedtls-2.2.1\library\x509_crt.c">
      <Filter>Source Files</Filter>
    </ClCompile>
    <ClCompile Include="..\..\SharedSourceCode\extern\mbedtls-2.2.1\library\x509_csr.c">
      <Filter>Source Files</Filter>
    </ClCompile>
    <ClCompile Include="..\..\SharedSourceCode\extern\mbedtls-2.2.1\library\x509write_crt.c">
      <Filter>Source Files</Filter>
    </ClCompile>
    <ClCompile Include="..\..\SharedSourceCode\extern\mbedtls-2.2.1\library\x509write_csr.c">
      <Filter>Source Files</Filter>
    </ClCompile>
  </ItemGroup>
</Project>