
Microsoft Visual Studio Solution File, Format Version 12.00
# Visual Studio 11
Project("{8BC9CEB8-8B4A-11D0-8D11-00A0C91BC942}") = "Client", "Client\Client.vcxproj", "{AF394342-4D0A-4B0B-9EF9-2955CF724CD3}"
EndProject
Project("{8BC9CEB8-8B4A-11D0-8D11-00A0C91BC942}") = "Config", "Config\Config.vcxproj", "{6684D99D-1BD0-4A2D-8996-974DA5EF0286}"
EndProject
Project("{8BC9CEB8-8B4A-11D0-8D11-00A0C91BC942}") = "Provider", "Provider\Provider.vcxproj", "{21FBBFC3-699B-41A3-BD3F-72D51BED1105}"
EndProject
Global
	GlobalSection(SolutionConfigurationPlatforms) = preSolution
		Debug|Win32 = Debug|Win32
		Release|Win32 = Release|Win32
	EndGlobalSection
	GlobalSection(ProjectConfigurationPlatforms) = postSolution
		{21FBBFC3-699B-41A3-BD3F-72D51BED1105}.Debug|Win32.ActiveCfg = Debug|Win32
		{21FBBFC3-699B-41A3-BD3F-72D51BED1105}.Debug|Win32.Build.0 = Debug|Win32
		{21FBBFC3-699B-41A3-BD3F-72D51BED1105}.Release|Win32.ActiveCfg = Release|Win32
		{21FBBFC3-699B-41A3-BD3F-72D51BED1105}.Release|Win32.Build.0 = Release|Win32
		{6684D99D-1BD0-4A2D-8996-974DA5EF0286}.Debug|Win32.ActiveCfg = Debug|Win32
		{6684D99D-1BD0-4A2D-8996-974DA5EF0286}.Debug|Win32.Build.0 = Debug|Win32
		{6684D99D-1BD0-4A2D-8996-974DA5EF0286}.Release|Win32.ActiveCfg = Release|Win32
		{6684D99D-1BD0-4A2D-8996-974DA5EF0286}.Release|Win32.Build.0 = Release|Win32
		{A9CD792F-1C5B-4558-B885-F25A2EF9E56D}.Debug|Win32.ActiveCfg = Debug|Win32
		{A9CD792F-1C5B-4558-B885-F25A2EF9E56D}.Debug|Win32.Build.0 = Debug|Win32
		{A9CD792F-1C5B-4558-B885-F25A2EF9E56D}.Release|Win32.ActiveCfg = Release|Win32
		{A9CD792F-1C5B-4558-B885-F25A2EF9E56D}.Release|Win32.Build.0 = Release|Win32
		{AF394342-4D0A-4B0B-9EF9-2955CF724CD3}.Debug|Win32.ActiveCfg = Debug|Win32
		{AF394342-4D0A-4B0B-9EF9-2955CF724CD3}.Debug|Win32.Build.0 = Debug|Win32
		{AF394342-4D0A-4B0B-9EF9-2955CF724CD3}.Release|Win32.ActiveCfg = Release|Win32
		{AF394342-4D0A-4B0B-9EF9-2955CF724CD3}.Release|Win32.Build.0 = Release|Win32
	EndGlobalSection
	GlobalSection(SolutionProperties) = preSolution
		HideSolutionNode = FALSE
	EndGlobalSection
EndGlobal
